
Microsoft Visual Studio Solution File, Format Version 12.00
# Visual Studio 15
VisualStudioVersion = 15.0.27428.2002
MinimumVisualStudioVersion = 10.0.40219.1
Project("{FAE04EC0-301F-11D3-BF4B-00C04F79EFBC}") = "Dagens", "Dagens\Dagens.csproj", "{87585479-FDE7-4C77-866E-587E8FF2264E}"
EndProject
Global
	GlobalSection(SolutionConfigurationPlatforms) = preSolution
		Debug|Any CPU = Debug|Any CPU
		Debug|x64 = Debug|x64
		Release|Any CPU = Release|Any CPU
		Release|x64 = Release|x64
	EndGlobalSection
	GlobalSection(ProjectConfigurationPlatforms) = postSolution
		{87585479-FDE7-4C77-866E-587E8FF2264E}.Debug|Any CPU.ActiveCfg = Debug|Any CPU
		{87585479-FDE7-4C77-866E-587E8FF2264E}.Debug|Any CPU.Build.0 = Debug|Any CPU
		{87585479-FDE7-4C77-866E-587E8FF2264E}.Debug|x64.ActiveCfg = Debug|x64
		{87585479-FDE7-4C77-866E-587E8FF2264E}.Debug|x64.Build.0 = Debug|x64
		{87585479-FDE7-4C77-866E-587E8FF2264E}.Release|Any CPU.ActiveCfg = Release|Any CPU
		{87585479-FDE7-4C77-866E-587E8FF2264E}.Release|Any CPU.Build.0 = Release|Any CPU
		{87585479-FDE7-4C77-866E-587E8FF2264E}.Release|x64.ActiveCfg = Release|x64
		{87585479-FDE7-4C77-866E-587E8FF2264E}.Release|x64.Build.0 = Release|x64
	EndGlobalSection
	GlobalSection(SolutionProperties) = preSolution
		HideSolutionNode = FALSE
	EndGlobalSection
	GlobalSection(ExtensibilityGlobals) = postSolution
		SolutionGuid = {ADD2D8B0-9624-47AD-A074-4CBE5472EAB9}
	EndGlobalSection
EndGlobal
